
Microsoft Visual Studio Solution File, Format Version 12.00
# Visual Studio 15
VisualStudioVersion = 15.0.28307.960
MinimumVisualStudioVersion = 10.0.40219.1
Project("{00D1A9C2-B5F0-4AF3-8072-F6C62B433612}") = "ObjectVersion", "ObjectVersion\ObjectVersion.sqlproj", "{08C26F98-47CB-4B49-B1A2-D0450E62417B}"
EndProject
Project("{00D1A9C2-B5F0-4AF3-8072-F6C62B433612}") = "UtilsVS", "UtilsVS\UtilsVS.sqlproj", "{D2CB6DFE-7246-4A82-A59B-E33797C5C7D3}"
EndProject
Project("{00D1A9C2-B5F0-4AF3-8072-F6C62B433612}") = "ObjectVersionWithQueue", "ObjectVersionWithQueue\ObjectVersionWithQueue.sqlproj", "{7C7E16CD-496C-4353-AED9-5F97CC4C2971}"
EndProject
Project("{F14B399A-7131-4C87-9E4B-1186C45EF12D}") = "ObjectVersionSSRS", "ObjectVersionSSRS\ObjectVersionSSRS.rptproj", "{EE6381B7-5EF5-4704-BF50-FF808F49AE2F}"
EndProject
Global
	GlobalSection(SolutionConfigurationPlatforms) = preSolution
		Academic|Any CPU = Academic|Any CPU
		Academic|x86 = Academic|x86
		Community|Any CPU = Community|Any CPU
		Community|x86 = Community|x86
		Debug|Any CPU = Debug|Any CPU
		Debug|x86 = Debug|x86
		DebugLocal|Any CPU = DebugLocal|Any CPU
		DebugLocal|x86 = DebugLocal|x86
		Demo|Any CPU = Demo|Any CPU
		Demo|x86 = Demo|x86
		Release|Any CPU = Release|Any CPU
		Release|x86 = Release|x86
		WinForms|Any CPU = WinForms|Any CPU
		WinForms|x86 = WinForms|x86
	EndGlobalSection
	GlobalSection(ProjectConfigurationPlatforms) = postSolution
		{08C26F98-47CB-4B49-B1A2-D0450E62417B}.Academic|Any CPU.ActiveCfg = Release|Any CPU
		{08C26F98-47CB-4B49-B1A2-D0450E62417B}.Academic|Any CPU.Build.0 = Release|Any CPU
		{08C26F98-47CB-4B49-B1A2-D0450E62417B}.Academic|Any CPU.Deploy.0 = Release|Any CPU
		{08C26F98-47CB-4B49-B1A2-D0450E62417B}.Academic|x86.ActiveCfg = Release|Any CPU
		{08C26F98-47CB-4B49-B1A2-D0450E62417B}.Academic|x86.Build.0 = Release|Any CPU
		{08C26F98-47CB-4B49-B1A2-D0450E62417B}.Academic|x86.Deploy.0 = Release|Any CPU
		{08C26F98-47CB-4B49-B1A2-D0450E62417B}.Community|Any CPU.ActiveCfg = Release|Any CPU
		{08C26F98-47CB-4B49-B1A2-D0450E62417B}.Community|Any CPU.Build.0 = Release|Any CPU
		{08C26F98-47CB-4B49-B1A2-D0450E62417B}.Community|Any CPU.Deploy.0 = Release|Any CPU
		{08C26F98-47CB-4B49-B1A2-D0450E62417B}.Community|x86.ActiveCfg = Release|Any CPU
		{08C26F98-47CB-4B49-B1A2-D0450E62417B}.Community|x86.Build.0 = Release|Any CPU
		{08C26F98-47CB-4B49-B1A2-D0450E62417B}.Community|x86.Deploy.0 = Release|Any CPU
		{08C26F98-47CB-4B49-B1A2-D0450E62417B}.Debug|Any CPU.ActiveCfg = Debug|Any CPU
		{08C26F98-47CB-4B49-B1A2-D0450E62417B}.Debug|Any CPU.Build.0 = Debug|Any CPU
		{08C26F98-47CB-4B49-B1A2-D0450E62417B}.Debug|Any CPU.Deploy.0 = Debug|Any CPU
		{08C26F98-47CB-4B49-B1A2-D0450E62417B}.Debug|x86.ActiveCfg = Debug|Any CPU
		{08C26F98-47CB-4B49-B1A2-D0450E62417B}.Debug|x86.Build.0 = Debug|Any CPU
		{08C26F98-47CB-4B49-B1A2-D0450E62417B}.Debug|x86.Deploy.0 = Debug|Any CPU
		{08C26F98-47CB-4B49-B1A2-D0450E62417B}.DebugLocal|Any CPU.ActiveCfg = Debug|Any CPU
		{08C26F98-47CB-4B49-B1A2-D0450E62417B}.DebugLocal|Any CPU.Build.0 = Debug|Any CPU
		{08C26F98-47CB-4B49-B1A2-D0450E62417B}.DebugLocal|Any CPU.Deploy.0 = Debug|Any CPU
		{08C26F98-47CB-4B49-B1A2-D0450E62417B}.DebugLocal|x86.ActiveCfg = Debug|Any CPU
		{08C26F98-47CB-4B49-B1A2-D0450E62417B}.DebugLocal|x86.Build.0 = Debug|Any CPU
		{08C26F98-47CB-4B49-B1A2-D0450E62417B}.DebugLocal|x86.Deploy.0 = Debug|Any CPU
		{08C26F98-47CB-4B49-B1A2-D0450E62417B}.Demo|Any CPU.ActiveCfg = Debug|Any CPU
		{08C26F98-47CB-4B49-B1A2-D0450E62417B}.Demo|Any CPU.Build.0 = Debug|Any CPU
		{08C26F98-47CB-4B49-B1A2-D0450E62417B}.Demo|Any CPU.Deploy.0 = Debug|Any CPU
		{08C26F98-47CB-4B49-B1A2-D0450E62417B}.Demo|x86.ActiveCfg = Debug|Any CPU
		{08C26F98-47CB-4B49-B1A2-D0450E62417B}.Demo|x86.Build.0 = Debug|Any CPU
		{08C26F98-47CB-4B49-B1A2-D0450E62417B}.Demo|x86.Deploy.0 = Debug|Any CPU
		{08C26F98-47CB-4B49-B1A2-D0450E62417B}.Release|Any CPU.ActiveCfg = Release|Any CPU
		{08C26F98-47CB-4B49-B1A2-D0450E62417B}.Release|Any CPU.Build.0 = Release|Any CPU
		{08C26F98-47CB-4B49-B1A2-D0450E62417B}.Release|Any CPU.Deploy.0 = Release|Any CPU
		{08C26F98-47CB-4B49-B1A2-D0450E62417B}.Release|x86.ActiveCfg = Release|Any CPU
		{08C26F98-47CB-4B49-B1A2-D0450E62417B}.Release|x86.Build.0 = Release|Any CPU
		{08C26F98-47CB-4B49-B1A2-D0450E62417B}.Release|x86.Deploy.0 = Release|Any CPU
		{08C26F98-47CB-4B49-B1A2-D0450E62417B}.WinForms|Any CPU.ActiveCfg = Release|Any CPU
		{08C26F98-47CB-4B49-B1A2-D0450E62417B}.WinForms|Any CPU.Build.0 = Release|Any CPU
		{08C26F98-47CB-4B49-B1A2-D0450E62417B}.WinForms|Any CPU.Deploy.0 = Release|Any CPU
		{08C26F98-47CB-4B49-B1A2-D0450E62417B}.WinForms|x86.ActiveCfg = Release|Any CPU
		{08C26F98-47CB-4B49-B1A2-D0450E62417B}.WinForms|x86.Build.0 = Release|Any CPU
		{08C26F98-47CB-4B49-B1A2-D0450E62417B}.WinForms|x86.Deploy.0 = Release|Any CPU
		{D2CB6DFE-7246-4A82-A59B-E33797C5C7D3}.Academic|Any CPU.ActiveCfg = Release|Any CPU
		{D2CB6DFE-7246-4A82-A59B-E33797C5C7D3}.Academic|Any CPU.Build.0 = Release|Any CPU
		{D2CB6DFE-7246-4A82-A59B-E33797C5C7D3}.Academic|Any CPU.Deploy.0 = Release|Any CPU
		{D2CB6DFE-7246-4A82-A59B-E33797C5C7D3}.Academic|x86.ActiveCfg = Release|Any CPU
		{D2CB6DFE-7246-4A82-A59B-E33797C5C7D3}.Academic|x86.Build.0 = Release|Any CPU
		{D2CB6DFE-7246-4A82-A59B-E33797C5C7D3}.Academic|x86.Deploy.0 = Release|Any CPU
		{D2CB6DFE-7246-4A82-A59B-E33797C5C7D3}.Community|Any CPU.ActiveCfg = Release|Any CPU
		{D2CB6DFE-7246-4A82-A59B-E33797C5C7D3}.Community|Any CPU.Build.0 = Release|Any CPU
		{D2CB6DFE-7246-4A82-A59B-E33797C5C7D3}.Community|Any CPU.Deploy.0 = Release|Any CPU
		{D2CB6DFE-7246-4A82-A59B-E33797C5C7D3}.Community|x86.ActiveCfg = Release|Any CPU
		{D2CB6DFE-7246-4A82-A59B-E33797C5C7D3}.Community|x86.Build.0 = Release|Any CPU
		{D2CB6DFE-7246-4A82-A59B-E33797C5C7D3}.Community|x86.Deploy.0 = Release|Any CPU
		{D2CB6DFE-7246-4A82-A59B-E33797C5C7D3}.Debug|Any CPU.ActiveCfg = Debug|Any CPU
		{D2CB6DFE-7246-4A82-A59B-E33797C5C7D3}.Debug|Any CPU.Build.0 = Debug|Any CPU
		{D2CB6DFE-7246-4A82-A59B-E33797C5C7D3}.Debug|Any CPU.Deploy.0 = Debug|Any CPU
		{D2CB6DFE-7246-4A82-A59B-E33797C5C7D3}.Debug|x86.ActiveCfg = Debug|Any CPU
		{D2CB6DFE-7246-4A82-A59B-E33797C5C7D3}.Debug|x86.Build.0 = Debug|Any CPU
		{D2CB6DFE-7246-4A82-A59B-E33797C5C7D3}.Debug|x86.Deploy.0 = Debug|Any CPU
		{D2CB6DFE-7246-4A82-A59B-E33797C5C7D3}.DebugLocal|Any CPU.ActiveCfg = Debug|Any CPU
		{D2CB6DFE-7246-4A82-A59B-E33797C5C7D3}.DebugLocal|Any CPU.Build.0 = Debug|Any CPU
		{D2CB6DFE-7246-4A82-A59B-E33797C5C7D3}.DebugLocal|Any CPU.Deploy.0 = Debug|Any CPU
		{D2CB6DFE-7246-4A82-A59B-E33797C5C7D3}.DebugLocal|x86.ActiveCfg = Debug|Any CPU
		{D2CB6DFE-7246-4A82-A59B-E33797C5C7D3}.DebugLocal|x86.Build.0 = Debug|Any CPU
		{D2CB6DFE-7246-4A82-A59B-E33797C5C7D3}.DebugLocal|x86.Deploy.0 = Debug|Any CPU
		{D2CB6DFE-7246-4A82-A59B-E33797C5C7D3}.Demo|Any CPU.ActiveCfg = Debug|Any CPU
		{D2CB6DFE-7246-4A82-A59B-E33797C5C7D3}.Demo|Any CPU.Build.0 = Debug|Any CPU
		{D2CB6DFE-7246-4A82-A59B-E33797C5C7D3}.Demo|Any CPU.Deploy.0 = Debug|Any CPU
		{D2CB6DFE-7246-4A82-A59B-E33797C5C7D3}.Demo|x86.ActiveCfg = Debug|Any CPU
		{D2CB6DFE-7246-4A82-A59B-E33797C5C7D3}.Demo|x86.Build.0 = Debug|Any CPU
		{D2CB6DFE-7246-4A82-A59B-E33797C5C7D3}.Demo|x86.Deploy.0 = Debug|Any CPU
		{D2CB6DFE-7246-4A82-A59B-E33797C5C7D3}.Release|Any CPU.ActiveCfg = Release|Any CPU
		{D2CB6DFE-7246-4A82-A59B-E33797C5C7D3}.Release|Any CPU.Build.0 = Release|Any CPU
		{D2CB6DFE-7246-4A82-A59B-E33797C5C7D3}.Release|Any CPU.Deploy.0 = Release|Any CPU
		{D2CB6DFE-7246-4A82-A59B-E33797C5C7D3}.Release|x86.ActiveCfg = Release|Any CPU
		{D2CB6DFE-7246-4A82-A59B-E33797C5C7D3}.Release|x86.Build.0 = Release|Any CPU
		{D2CB6DFE-7246-4A82-A59B-E33797C5C7D3}.Release|x86.Deploy.0 = Release|Any CPU
		{D2CB6DFE-7246-4A82-A59B-E33797C5C7D3}.WinForms|Any CPU.ActiveCfg = Release|Any CPU
		{D2CB6DFE-7246-4A82-A59B-E33797C5C7D3}.WinForms|Any CPU.Build.0 = Release|Any CPU
		{D2CB6DFE-7246-4A82-A59B-E33797C5C7D3}.WinForms|Any CPU.Deploy.0 = Release|Any CPU
		{D2CB6DFE-7246-4A82-A59B-E33797C5C7D3}.WinForms|x86.ActiveCfg = Release|Any CPU
		{D2CB6DFE-7246-4A82-A59B-E33797C5C7D3}.WinForms|x86.Build.0 = Release|Any CPU
		{D2CB6DFE-7246-4A82-A59B-E33797C5C7D3}.WinForms|x86.Deploy.0 = Release|Any CPU
		{7C7E16CD-496C-4353-AED9-5F97CC4C2971}.Academic|Any CPU.ActiveCfg = Release|Any CPU
		{7C7E16CD-496C-4353-AED9-5F97CC4C2971}.Academic|Any CPU.Build.0 = Release|Any CPU
		{7C7E16CD-496C-4353-AED9-5F97CC4C2971}.Academic|Any CPU.Deploy.0 = Release|Any CPU
		{7C7E16CD-496C-4353-AED9-5F97CC4C2971}.Academic|x86.ActiveCfg = Release|Any CPU
		{7C7E16CD-496C-4353-AED9-5F97CC4C2971}.Academic|x86.Build.0 = Release|Any CPU
		{7C7E16CD-496C-4353-AED9-5F97CC4C2971}.Academic|x86.Deploy.0 = Release|Any CPU
		{7C7E16CD-496C-4353-AED9-5F97CC4C2971}.Community|Any CPU.ActiveCfg = Release|Any CPU
		{7C7E16CD-496C-4353-AED9-5F97CC4C2971}.Community|Any CPU.Build.0 = Release|Any CPU
		{7C7E16CD-496C-4353-AED9-5F97CC4C2971}.Community|Any CPU.Deploy.0 = Release|Any CPU
		{7C7E16CD-496C-4353-AED9-5F97CC4C2971}.Community|x86.ActiveCfg = Release|Any CPU
		{7C7E16CD-496C-4353-AED9-5F97CC4C2971}.Community|x86.Build.0 = Release|Any CPU
		{7C7E16CD-496C-4353-AED9-5F97CC4C2971}.Community|x86.Deploy.0 = Release|Any CPU
		{7C7E16CD-496C-4353-AED9-5F97CC4C2971}.Debug|Any CPU.ActiveCfg = Debug|Any CPU
		{7C7E16CD-496C-4353-AED9-5F97CC4C2971}.Debug|Any CPU.Build.0 = Debug|Any CPU
		{7C7E16CD-496C-4353-AED9-5F97CC4C2971}.Debug|Any CPU.Deploy.0 = Debug|Any CPU
		{7C7E16CD-496C-4353-AED9-5F97CC4C2971}.Debug|x86.ActiveCfg = Debug|Any CPU
		{7C7E16CD-496C-4353-AED9-5F97CC4C2971}.Debug|x86.Build.0 = Debug|Any CPU
		{7C7E16CD-496C-4353-AED9-5F97CC4C2971}.Debug|x86.Deploy.0 = Debug|Any CPU
		{7C7E16CD-496C-4353-AED9-5F97CC4C2971}.DebugLocal|Any CPU.ActiveCfg = Debug|Any CPU
		{7C7E16CD-496C-4353-AED9-5F97CC4C2971}.DebugLocal|Any CPU.Build.0 = Debug|Any CPU
		{7C7E16CD-496C-4353-AED9-5F97CC4C2971}.DebugLocal|Any CPU.Deploy.0 = Debug|Any CPU
		{7C7E16CD-496C-4353-AED9-5F97CC4C2971}.DebugLocal|x86.ActiveCfg = Debug|Any CPU
		{7C7E16CD-496C-4353-AED9-5F97CC4C2971}.DebugLocal|x86.Build.0 = Debug|Any CPU
		{7C7E16CD-496C-4353-AED9-5F97CC4C2971}.DebugLocal|x86.Deploy.0 = Debug|Any CPU
		{7C7E16CD-496C-4353-AED9-5F97CC4C2971}.Demo|Any CPU.ActiveCfg = Debug|Any CPU
		{7C7E16CD-496C-4353-AED9-5F97CC4C2971}.Demo|Any CPU.Build.0 = Debug|Any CPU
		{7C7E16CD-496C-4353-AED9-5F97CC4C2971}.Demo|Any CPU.Deploy.0 = Debug|Any CPU
		{7C7E16CD-496C-4353-AED9-5F97CC4C2971}.Demo|x86.ActiveCfg = Debug|Any CPU
		{7C7E16CD-496C-4353-AED9-5F97CC4C2971}.Demo|x86.Build.0 = Debug|Any CPU
		{7C7E16CD-496C-4353-AED9-5F97CC4C2971}.Demo|x86.Deploy.0 = Debug|Any CPU
		{7C7E16CD-496C-4353-AED9-5F97CC4C2971}.Release|Any CPU.ActiveCfg = Release|Any CPU
		{7C7E16CD-496C-4353-AED9-5F97CC4C2971}.Release|Any CPU.Build.0 = Release|Any CPU
		{7C7E16CD-496C-4353-AED9-5F97CC4C2971}.Release|Any CPU.Deploy.0 = Release|Any CPU
		{7C7E16CD-496C-4353-AED9-5F97CC4C2971}.Release|x86.ActiveCfg = Release|Any CPU
		{7C7E16CD-496C-4353-AED9-5F97CC4C2971}.Release|x86.Build.0 = Release|Any CPU
		{7C7E16CD-496C-4353-AED9-5F97CC4C2971}.Release|x86.Deploy.0 = Release|Any CPU
		{7C7E16CD-496C-4353-AED9-5F97CC4C2971}.WinForms|Any CPU.ActiveCfg = Release|Any CPU
		{7C7E16CD-496C-4353-AED9-5F97CC4C2971}.WinForms|Any CPU.Build.0 = Release|Any CPU
		{7C7E16CD-496C-4353-AED9-5F97CC4C2971}.WinForms|Any CPU.Deploy.0 = Release|Any CPU
		{7C7E16CD-496C-4353-AED9-5F97CC4C2971}.WinForms|x86.ActiveCfg = Release|Any CPU
		{7C7E16CD-496C-4353-AED9-5F97CC4C2971}.WinForms|x86.Build.0 = Release|Any CPU
		{7C7E16CD-496C-4353-AED9-5F97CC4C2971}.WinForms|x86.Deploy.0 = Release|Any CPU
		{EE6381B7-5EF5-4704-BF50-FF808F49AE2F}.Academic|Any CPU.ActiveCfg = Release
		{EE6381B7-5EF5-4704-BF50-FF808F49AE2F}.Academic|Any CPU.Build.0 = Release
		{EE6381B7-5EF5-4704-BF50-FF808F49AE2F}.Academic|Any CPU.Deploy.0 = Release
		{EE6381B7-5EF5-4704-BF50-FF808F49AE2F}.Academic|x86.ActiveCfg = Release
		{EE6381B7-5EF5-4704-BF50-FF808F49AE2F}.Academic|x86.Build.0 = Release
		{EE6381B7-5EF5-4704-BF50-FF808F49AE2F}.Academic|x86.Deploy.0 = Release
		{EE6381B7-5EF5-4704-BF50-FF808F49AE2F}.Community|Any CPU.ActiveCfg = Release
		{EE6381B7-5EF5-4704-BF50-FF808F49AE2F}.Community|Any CPU.Build.0 = Release
		{EE6381B7-5EF5-4704-BF50-FF808F49AE2F}.Community|Any CPU.Deploy.0 = Release
		{EE6381B7-5EF5-4704-BF50-FF808F49AE2F}.Community|x86.ActiveCfg = Release
		{EE6381B7-5EF5-4704-BF50-FF808F49AE2F}.Community|x86.Build.0 = Release
		{EE6381B7-5EF5-4704-BF50-FF808F49AE2F}.Community|x86.Deploy.0 = Release
		{EE6381B7-5EF5-4704-BF50-FF808F49AE2F}.Debug|Any CPU.ActiveCfg = Debug
		{EE6381B7-5EF5-4704-BF50-FF808F49AE2F}.Debug|Any CPU.Build.0 = Debug
		{EE6381B7-5EF5-4704-BF50-FF808F49AE2F}.Debug|Any CPU.Deploy.0 = Debug
		{EE6381B7-5EF5-4704-BF50-FF808F49AE2F}.Debug|x86.ActiveCfg = Debug
		{EE6381B7-5EF5-4704-BF50-FF808F49AE2F}.Debug|x86.Build.0 = Debug
		{EE6381B7-5EF5-4704-BF50-FF808F49AE2F}.Debug|x86.Deploy.0 = Debug
		{EE6381B7-5EF5-4704-BF50-FF808F49AE2F}.DebugLocal|Any CPU.ActiveCfg = DebugLocal
		{EE6381B7-5EF5-4704-BF50-FF808F49AE2F}.DebugLocal|Any CPU.Build.0 = DebugLocal
		{EE6381B7-5EF5-4704-BF50-FF808F49AE2F}.DebugLocal|x86.ActiveCfg = DebugLocal
		{EE6381B7-5EF5-4704-BF50-FF808F49AE2F}.DebugLocal|x86.Build.0 = DebugLocal
		{EE6381B7-5EF5-4704-BF50-FF808F49AE2F}.Demo|Any CPU.ActiveCfg = DebugLocal
		{EE6381B7-5EF5-4704-BF50-FF808F49AE2F}.Demo|Any CPU.Build.0 = DebugLocal
		{EE6381B7-5EF5-4704-BF50-FF808F49AE2F}.Demo|x86.ActiveCfg = DebugLocal
		{EE6381B7-5EF5-4704-BF50-FF808F49AE2F}.Demo|x86.Build.0 = DebugLocal
		{EE6381B7-5EF5-4704-BF50-FF808F49AE2F}.Release|Any CPU.ActiveCfg = Release
		{EE6381B7-5EF5-4704-BF50-FF808F49AE2F}.Release|Any CPU.Build.0 = Release
		{EE6381B7-5EF5-4704-BF50-FF808F49AE2F}.Release|Any CPU.Deploy.0 = Release
		{EE6381B7-5EF5-4704-BF50-FF808F49AE2F}.Release|x86.ActiveCfg = Release
		{EE6381B7-5EF5-4704-BF50-FF808F49AE2F}.Release|x86.Build.0 = Release
		{EE6381B7-5EF5-4704-BF50-FF808F49AE2F}.Release|x86.Deploy.0 = Release
		{EE6381B7-5EF5-4704-BF50-FF808F49AE2F}.WinForms|Any CPU.ActiveCfg = Release
		{EE6381B7-5EF5-4704-BF50-FF808F49AE2F}.WinForms|Any CPU.Build.0 = Release
		{EE6381B7-5EF5-4704-BF50-FF808F49AE2F}.WinForms|Any CPU.Deploy.0 = Release
		{EE6381B7-5EF5-4704-BF50-FF808F49AE2F}.WinForms|x86.ActiveCfg = Release
		{EE6381B7-5EF5-4704-BF50-FF808F49AE2F}.WinForms|x86.Build.0 = Release
		{EE6381B7-5EF5-4704-BF50-FF808F49AE2F}.WinForms|x86.Deploy.0 = Release
	EndGlobalSection
	GlobalSection(SolutionProperties) = preSolution
		HideSolutionNode = FALSE
	EndGlobalSection
	GlobalSection(ExtensibilityGlobals) = postSolution
		SolutionGuid = {3CECC41B-21F6-470D-AB5F-7C55F5BFC691}
	EndGlobalSection
EndGlobal
